{
  "version": "5",
  "specifiers": {
    "jsr:@std/assert@^1.0.16": "1.0.19",
    "jsr:@std/internal@^1.0.12": "1.0.13",
    "jsr:@supabase/supabase-js@^2.49.4": "2.110.7",
    "jsr:@zod/zod@^4.0.17": "4.4.3",
    "npm:@modelcontextprotocol/server@2.0.0": "2.0.0",
    "npm:@supabase/auth-js@2.110.7": "2.110.7",
    "npm:@supabase/functions-js@2.110.7": "2.110.7",
    "npm:@supabase/middleware@0.5.0": "0.5.0",
    "npm:@supabase/postgrest-js@2.110.7": "2.110.7",
    "npm:@supabase/realtime-js@2.110.7": "2.110.7",
    "npm:@supabase/server@1.6.0": "1.6.0_@supabase+supabase-js@2.116.0",
    "npm:@supabase/storage-js@2.110.7": "2.110.7"
  },
  "jsr": {
    "@std/assert@1.0.19": {
      "integrity": "eaada96ee120cb980bc47e040f82814d786fe8162ecc53c91d8df60b8755991e",
      "dependencies": [
        "jsr:@std/internal"
      ]
    },
    "@std/internal@1.0.13": {
      "integrity": "2f9546691d4ac2d32859c82dff284aaeac980ddeca38430d07941e7e288725c0"
    },
    "@supabase/supabase-js@2.110.7": {
      "integrity": "83173da8163098aa34d8d382351209233c3288884f6071dfea0a4e4e68f6f969",
      "dependencies": [
        "npm:@supabase/auth-js",
        "npm:@supabase/functions-js",
        "npm:@supabase/postgrest-js",
        "npm:@supabase/realtime-js",
        "npm:@supabase/storage-js"
      ]
    },
    "@zod/zod@4.4.3": {
      "integrity": "4712ac0967efaa718b37c36eaffb4e1d4457e1a266aef6efb3ab36f54a6fefe4"
    }
  },
  "npm": {
    "@modelcontextprotocol/core@2.0.0": {
      "integrity": "sha512-pJCEwGG7Lfr/+PQp9ZTwKXNeO5wzbfKL7H3MYpCorM4oFBoQrdjnBgEoqG+RjhsvS1FKrDbKux+M1HhlnGWqcA==",
      "dependencies": [
        "zod"
      ]
    },
    "@modelcontextprotocol/server@2.0.0": {
      "integrity": "sha512-YhHWdHfpFMQfd0prsEnxKeS3Qz3ytIGmsS0sth4KDjnacIT7hxk6hXHkJ9KysxlkvTM+WZAtQbbcUhdoP4Hvtw==",
      "dependencies": [
        "@modelcontextprotocol/core",
        "zod"
      ]
    },
    "@supabase/auth-js@2.110.7": {
      "integrity": "sha512-M5Bpl4hCv6kHcOO/xM06Dyfg1mYLHljMkp1plhzG9IRZPc3czvyMsSN1XpL5+GKisOKM3lSN59zhpcm6sMVXfA==",
      "dependencies": [
        "tslib"
      ]
    },
    "@supabase/auth-js@2.116.0": {
      "integrity": "sha512-Cmosty12gyKGK9N3bQb+lMmuAFev5nmUzaR1AsmZHqKOAGzqX1VQzmp49CNPwOx/pw0H9Qqk4rs9yhwTlKpfDg==",
      "dependencies": [
        "tslib"
      ]
    },
    "@supabase/functions-js@2.110.7": {
      "integrity": "sha512-megYmexlYEoR/0qlsr4Snh9wtzAodO7MAri3NMevZrXzNvQRKlvmTcSBoKGLQEPDakgDZMqbMdf9DwoZz6qfoA==",
      "dependencies": [
        "tslib"
      ]
    },
    "@supabase/functions-js@2.116.0": {
      "integrity": "sha512-E+VOc2QDcni/fySqkBFiZhnoB3SGydEdZgFI6/dEAGAHx6yEhB46TN9qb2wXs+E+RSzOBV0R6dasiSlw4xlZAA==",
      "dependencies": [
        "tslib"
      ]
    },
    "@supabase/middleware@0.5.0": {
      "integrity": "sha512-OjukUo+5p14zxTuylf2zVg1hZCHWKLO6VrZhtVeQQw09yrVo3GAduvFJPiFDhTAz/Du1ZfEzAR+s6aRAWD5wzQ==",
      "dependencies": [
        "std-env"
      ]
    },
    "@supabase/phoenix@0.4.5": {
      "integrity": "sha512-aAn9H9ovVyeApKy11OWOrrOGq8DV68yWeH4ud2lN9fzn4aO8Zb5GLL9m1pUg9nLqIcT+ZDfAcsZe0E/nqdv2lw=="
    },
    "@supabase/postgrest-js@2.110.7": {
      "integrity": "sha512-ban6YV0djhVaqVYezlOARKLIuOBSvLLhyQVZjA2nxPrtswhxHCl1+gI4giFgI9ATQAaMNbUZb4JXiuL5lEA/5g==",
      "dependencies": [
        "tslib"
      ]
    },
    "@supabase/postgrest-js@2.116.0": {
      "integrity": "sha512-kGpVZTDHxFTJS3tu+rU0iTAZ+4U0bcLVjxwCk8f3gRhjw3qdCZjTBlgYvc4kGH2XccmAzbkKwXL/mrNHMGSc+A==",
      "dependencies": [
        "tslib"
      ]
    },
    "@supabase/realtime-js@2.110.7": {
      "integrity": "sha512-AMtZjyFA2gsmjuxopPNS/sRznLQHG0Ht5x+ytTPTOh3vAcOTUlVRLx7gW4/CONNnbb3PKOkE+HmM35HOSbmomQ==",
      "dependencies": [
        "@supabase/phoenix",
        "tslib"
      ]
    },
    "@supabase/realtime-js@2.116.0": {
      "integrity": "sha512-MHAnlXxi2s6yiJsZsQMfs2B3RFxeVfQWxerqYhIMqcCQV/FuY3LIeouPEkXw/ah7wUWMLYwempF9MOCUScyddg==",
      "dependencies": [
        "@supabase/phoenix",
        "tslib"
      ]
    },
    "@supabase/server@1.6.0_@supabase+supabase-js@2.116.0": {
      "integrity": "sha512-LtUkzUqUGip6I2+kvSmA04u3s+npwLseer2yomBnUdQ1zyJPtlgjAqbwsNuGC1DT/FHi1BvvJluI7dZVV2XdTw==",
      "dependencies": [
        "@supabase/middleware",
        "@supabase/supabase-js",
        "jose"
      ]
    },
    "@supabase/storage-js@2.110.7": {
      "integrity": "sha512-2tcDE8cjEDy1uKxKavBpKQod1JdMV1jDXQag48TCa+kycmJOltc0yVabC0BUlhOwAl6WykXU2aOsH3ELMtZrmQ==",
      "dependencies": [
        "iceberg-js",
        "tslib"
      ]
    },
    "@supabase/storage-js@2.116.0": {
      "integrity": "sha512-6/3hR6vccBP6oGM5B6RfbwZcTCKmQOodd/ZWQdsw8yJsU5zO/a//oBL6yLnmgxcjnHSrelW8rsO7hL5DPybyUQ==",
      "dependencies": [
        "iceberg-js",
        "tslib"
      ]
    },
    "@supabase/supabase-js@2.116.0": {
      "integrity": "sha512-YyWmKXt2NspV9iO8FPnlswUFJIRnrLd3oTCb+3ZyYRuKZtBH0xCUDgnUqoyA0fGUxpM/UhfwDjYf/dht/9bp7g==",
      "dependencies": [
        "@supabase/auth-js@2.116.0",
        "@supabase/functions-js@2.116.0",
        "@supabase/postgrest-js@2.116.0",
        "@supabase/realtime-js@2.116.0",
        "@supabase/storage-js@2.116.0"
      ]
    },
    "iceberg-js@0.8.1": {
      "integrity": "sha512-1dhVQZXhcHje7798IVM+xoo/1ZdVfzOMIc8/rgVSijRK38EDqOJoGula9N/8ZI5RD8QTxNQtK/Gozpr+qUqRRA=="
    },
    "jose@6.2.12": {
      "integrity": "sha512-9NiFmJEex0sy2Dk58j2UGBSHgUs2ypF9eZSu4L6vjOX3Dp96Sw1F3uL+H+D1sx02jZZdzUT0HgvCy59CuvXcWw=="
    },
    "std-env@4.2.0": {
      "integrity": "sha512-oCUKSupKTHX53EyjDtuZQ64pjLJ6yYCtpmEw0goYxtjG9KpbRe8KAsl2tBUGU9DyMcJ0RwJ8GqJAFzMXcXW1Rw=="
    },
    "tslib@2.8.1": {
      "integrity": "sha512-oJFu94HQb+KVduSUQL7wnpmqnfmLsOA/nAh6b6EH0wCEoK0/mPeXU6c3wKDV83MkOuHPRHtSXKKU99IBazS/2w=="
    },
    "zod@4.6.2": {
      "integrity": "sha512-lh5RCAGFa1Cm2hjtNwLQhSs/AsqdWnTQaBER9fEwN/88pSh7KOtJavtBx/0VlkN/uFd61SwYmljLMDAsHlvzBQ=="
    }
  },
  "redirects": {
    "https://esm.sh/@selderee/plugin-htmlparser2@^0.11.0?target=denonext": "https://esm.sh/@selderee/plugin-htmlparser2@0.11.0?target=denonext",
    "https://esm.sh/@types/html-to-text@~9.0.4/index.d.ts": "https://esm.sh/@types/html-to-text@9.0.4/index.d.ts",
    "https://esm.sh/@types/prismjs@~1.26.6/index.d.ts": "https://esm.sh/@types/prismjs@1.26.6/index.d.ts",
    "https://esm.sh/@types/react-dom@~19.2.3/server.d.ts": "https://esm.sh/@types/react-dom@19.2.3/server.d.ts",
    "https://esm.sh/@types/react@~19.2.14/index.d.ts": "https://esm.sh/@types/react@19.2.17/index.d.ts",
    "https://esm.sh/@types/react@~19.2.14/jsx-runtime.d.ts": "https://esm.sh/@types/react@19.2.17/jsx-runtime.d.ts",
    "https://esm.sh/deepmerge@^4.3.1?target=denonext": "https://esm.sh/deepmerge@4.3.1?target=denonext",
    "https://esm.sh/dom-serializer@^2.0.0?target=denonext": "https://esm.sh/dom-serializer@2.0.0?target=denonext",
    "https://esm.sh/domelementtype@^2.3.0?target=denonext": "https://esm.sh/domelementtype@2.3.0?target=denonext",
    "https://esm.sh/domhandler@^5.0.3?target=denonext": "https://esm.sh/domhandler@5.0.3?target=denonext",
    "https://esm.sh/domutils@^3.0.1?target=denonext": "https://esm.sh/domutils@3.2.2?target=denonext",
    "https://esm.sh/entities@^4.2.0?target=denonext": "https://esm.sh/entities@4.5.0?target=denonext",
    "https://esm.sh/entities@^4.4.0/lib/decode?target=denonext": "https://esm.sh/entities@4.5.0/lib/decode?target=denonext",
    "https://esm.sh/htmlparser2@^8.0.2?target=denonext": "https://esm.sh/htmlparser2@8.0.2?target=denonext",
    "https://esm.sh/leac@^0.6.0?target=denonext": "https://esm.sh/leac@0.6.0?target=denonext",
    "https://esm.sh/parseley@^0.12.0?target=denonext": "https://esm.sh/parseley@0.12.1?target=denonext",
    "https://esm.sh/peberminta@^0.9.0?target=denonext": "https://esm.sh/peberminta@0.9.0?target=denonext",
    "https://esm.sh/selderee@^0.11.0?target=denonext": "https://esm.sh/selderee@0.11.0?target=denonext"
  },
  "remote": {
    "https://esm.sh/@react-email/body@0.0.11/X-ZXJlYWN0/denonext/body.mjs": "98b1f3bdecec65139860d907966279315303642fdcff2356c7b93169bc039dc4",
    "https://esm.sh/@react-email/button@0.0.19/X-ZXJlYWN0/denonext/button.mjs": "7ced7ddc6e7d12a9c75237481c7e40ecfd7d62b041e157cfadd5e7290dd04058",
    "https://esm.sh/@react-email/code-block@0.0.12/X-ZXJlYWN0/denonext/code-block.mjs": "03ec1c81ecc8e822776fac97b4baf025586f7ff1523228b2fe97134ce1dc5f0c",
    "https://esm.sh/@react-email/code-inline@0.0.5/X-ZXJlYWN0/denonext/code-inline.mjs": "b70db0598b5dbc07bb479cb3311108647d906de19b8bed4a5356714d4e969856",
    "https://esm.sh/@react-email/column@0.0.13/X-ZXJlYWN0/denonext/column.mjs": "924c15b5df957c6a62abede5aa6ef4a83d289fe04baa41629629b70a40a88604",
    "https://esm.sh/@react-email/components@0.0.36/X-ZXByZXR0aWVyLHJlYWN0LHJlYWN0LWRvbQ/denonext/components.mjs": "c256b34554ed83d837a162a0ed5c0d868b9ae1d390cea968a449eeaed31e3fca",
    "https://esm.sh/@react-email/components@0.0.36?external=react,react-dom,prettier": "bb7af2ed73684a8ff7e76bfedff5cab5ab3ad6ac7ab11a2e877c68b172613158",
    "https://esm.sh/@react-email/container@0.0.15/X-ZXJlYWN0/denonext/container.mjs": "fbdab092db11ff46a52c37c977ec58b5a9f576103187b762a4a7a4542280fd74",
    "https://esm.sh/@react-email/font@0.0.9/X-ZXJlYWN0/denonext/font.mjs": "3c779e754ad49633d03d8ba60fc7a349d8eb795bd27bb4f184717b608bfeeddc",
    "https://esm.sh/@react-email/head@0.0.12/X-ZXJlYWN0/denonext/head.mjs": "02ade1805dda11c686db0326656dc82bbcb0b44731beb12910cd6317deff3834",
    "https://esm.sh/@react-email/heading@0.0.15/X-ZXJlYWN0/denonext/heading.mjs": "856c9f1d069c18f2a75b1098b6c47f6d1554df12354a8fd84626106d32770de1",
    "https://esm.sh/@react-email/hr@0.0.11/X-ZXJlYWN0/denonext/hr.mjs": "f3dc391e3aa396217098e3b27d768d420e21e6ac3492112a74564e12149c7463",
    "https://esm.sh/@react-email/html@0.0.11/X-ZXJlYWN0/denonext/html.mjs": "205a7e0bd961d84fed8d56fd86485028811a383345d4939e64f2997a229db13c",
    "https://esm.sh/@react-email/img@0.0.11/X-ZXJlYWN0/denonext/img.mjs": "718d91cb4d30e17552319e64713b28f7490a799edba16ab1535d0e09e8ca189e",
    "https://esm.sh/@react-email/link@0.0.12/X-ZXJlYWN0/denonext/link.mjs": "a67823919060586d7c529bc1cc10c3433d7c0b4e5645bc2e4c82a281d86db829",
    "https://esm.sh/@react-email/markdown@0.0.14/X-ZXJlYWN0/denonext/markdown.mjs": "be4cf15db7998e2a6a312d4cfdf735a57d1d85ebefd5b6b2e3bf84e62c9579e7",
    "https://esm.sh/@react-email/preview@0.0.12/X-ZXJlYWN0/denonext/preview.mjs": "7bd1da32975e43f19a87a3e622469835ffa9b2443780c735d5ab36dbf0355d52",
    "https://esm.sh/@react-email/render@1.0.6/X-ZXByZXR0aWVyLHJlYWN0LHJlYWN0LWRvbQ/denonext/render.mjs": "a23def72d6a0a05a15e4bdc3e4daa1fbc59cc2c24ae0bba0a91ffbf61973f5e9",
    "https://esm.sh/@react-email/render@1.0.6?external=react,react-dom,prettier": "e0bdec771c1a6fabd4226bed22d1247766d899e5939c189def9d87d3c1c4f13b",
    "https://esm.sh/@react-email/row@0.0.12/X-ZXJlYWN0/denonext/row.mjs": "8f151f1b4251f503e11c17d88b81dc40b543998ae5d8983bcf445409d941b492",
    "https://esm.sh/@react-email/section@0.0.16/X-ZXJlYWN0/denonext/section.mjs": "d44cf2ac490b19687b14e0ad379b4bc9387c9aa3ac27e190e0e1b3206eb721e5",
    "https://esm.sh/@react-email/tailwind@1.0.4/X-ZXJlYWN0/denonext/tailwind.mjs": "bb32f6a20f583e3aa09dc698cb4ecc63bda7c10861adfebe2ed84f1538475abb",
    "https://esm.sh/@react-email/text@0.1.1/X-ZXJlYWN0/denonext/text.mjs": "bb2989fd14d6f88f892b24d323bdce89df031b27d3fb695828c9b502892c0103",
    "https://esm.sh/@selderee/plugin-htmlparser2@0.11.0/denonext/plugin-htmlparser2.mjs": "bf215c5e29a046da720be2ba856316197ccd53291f42030e947f3df49d8a93e4",
    "https://esm.sh/@selderee/plugin-htmlparser2@0.11.0?target=denonext": "1b642b94e690ea7e82b72aab470d89548cc2e32fd6a1603afec94f67c800b7db",
    "https://esm.sh/deepmerge@4.3.1/denonext/deepmerge.mjs": "1f448aaa83a52514faecb2edc02eb766c9eb10b935b9ac4c1c2a877a0bb56b80",
    "https://esm.sh/deepmerge@4.3.1?target=denonext": "a8faef33b536441a2c63f8c967d160848eb1f898a8e83a35a9f0623ecd9063d3",
    "https://esm.sh/dom-serializer@2.0.0/denonext/dom-serializer.mjs": "545028b1d2c25bae5cbfe6930a28a2e4f7f05e1a0d09bbd0f3f5f9a33df8e3bd",
    "https://esm.sh/dom-serializer@2.0.0?target=denonext": "1626b2b8326556ea2816b5f9bf7522bc9581d545fd9ad117c066ab7a5ff1fb89",
    "https://esm.sh/domelementtype@2.3.0/denonext/domelementtype.mjs": "4f3b57348729cd517560139eb1969ca2fe9cc58c5188abe56e7336d5cb557cc0",
    "https://esm.sh/domelementtype@2.3.0?target=denonext": "2beb2a1e3d18892a9b00ef9528811b93f613a77d2b6fb25376ec0f109ac48a4f",
    "https://esm.sh/domhandler@5.0.3/denonext/domhandler.mjs": "3fb258a3d79bc9066a568bb6b09ce946d1fcfa2636a24ae80a4db220956e0873",
    "https://esm.sh/domhandler@5.0.3?target=denonext": "298fde249b7bff9e80667cfe643e7d4b390871b77b0928d086ce4c0b8fc570e2",
    "https://esm.sh/domutils@3.2.2/denonext/domutils.mjs": "f0b4e80e73810ed6f3d8c4e1822feef89208f32c88b6024a84328d02f5f77c40",
    "https://esm.sh/domutils@3.2.2?target=denonext": "7e487176c61dfd1dfdbcfd1195e7329a64f53421511561b69c570a6cff0a6167",
    "https://esm.sh/entities@4.5.0/denonext/entities.mjs": "4a9306e4021ae1079e83b5db26e1678c536fa69c8f2839802bc3cc43282cef08",
    "https://esm.sh/entities@4.5.0/denonext/lib/decode.mjs": "ef22e25f6bca668e40c4f7d4ecaebe2172a833a18372d55b54f997d0d8702dcd",
    "https://esm.sh/entities@4.5.0/denonext/lib/escape.mjs": "116aef78e5ff05efa6f79851b8b59da025ab88f5c25d2262f73df98f4d57c3fa",
    "https://esm.sh/entities@4.5.0/lib/decode?target=denonext": "488bc8401a0c85a76527d61a41352c5371904aeda57a136eb10ccfadcd2f7c8c",
    "https://esm.sh/entities@4.5.0?target=denonext": "f6bc559c07f40e94b3ef50f0b24e2666a2258db3b6697bf4da8fd2fc014ef7a1",
    "https://esm.sh/html-to-text@9.0.5/denonext/html-to-text.mjs": "9e7f8db5407f0832d5c164f9ae7532abbea169f513b52bf57bf480e90e59a0e6",
    "https://esm.sh/htmlparser2@8.0.2/denonext/htmlparser2.mjs": "c0be0f190e625b82e88378875016f820a38d586e9c885d37e3dd2073a4f0fdfb",
    "https://esm.sh/htmlparser2@8.0.2/denonext/lib/esm/Parser.mjs": "d58fb2f87f8fead8e7ac03c544690908b4db21ab0513415b0cfe9311ab31aaa3",
    "https://esm.sh/htmlparser2@8.0.2/denonext/lib/esm/Tokenizer.mjs": "09109e601c7acd75b99c2a34e53e339a46301d9937e1495eaca8f9019a7b3040",
    "https://esm.sh/htmlparser2@8.0.2?target=denonext": "fd3edaa58a00e79f11b3510cc3930c9f5345486cdcc52c0afe24bbb36aece028",
    "https://esm.sh/leac@0.6.0/denonext/leac.mjs": "b73a34f6c2983d85de3604535ae223a31756ae8470e7d350ec4703659b776032",
    "https://esm.sh/leac@0.6.0?target=denonext": "49d9cd25ff3a0658f687f430fb60ae79811a6ba3db8f6d2d243274d789ff6013",
    "https://esm.sh/marked@7.0.4/denonext/marked.mjs": "06c0b9123e11219d4647e9bd406e07377832224dbb522588af6404ed319dffd6",
    "https://esm.sh/md-to-react-email@5.0.5/X-ZXJlYWN0/denonext/md-to-react-email.mjs": "4b010c052e118aac897f6866bab55c2cabaaeb285bfc024908f74c76973a479b",
    "https://esm.sh/parseley@0.12.1/denonext/parseley.mjs": "adb641dd0790c5f80caccae1d12029aa5434498368eea27696e9e3d5dcd0b835",
    "https://esm.sh/parseley@0.12.1?target=denonext": "8169d6a6a0345226dc65fed2b195413c2bc863348afa61ce31f5bf4730299a1a",
    "https://esm.sh/peberminta@0.9.0/denonext/lib/util.mjs": "ab48ab5eead902341c9f2209db7881d58f9ad2eeac75d62b02bd8fc3c2b96df5",
    "https://esm.sh/peberminta@0.9.0/denonext/peberminta.mjs": "b9e30d34531689bfa87bdd584c19732de2b40a7fb9c87a8dd083b24ccce9199f",
    "https://esm.sh/peberminta@0.9.0?target=denonext": "021e477cef449a6078dec84f778954407b9a913315dc72e5c42eee18db590843",
    "https://esm.sh/prismjs@1.30.0/denonext/prismjs.mjs": "63b09b2f964b1fa84e8bd412696178e59695854c48d0f1ba9e0303faa1039f57",
    "https://esm.sh/react-dom@19.2.6/denonext/cjs/react-dom-server-legacy.browser.production.mjs": "9924a6b0226ba516fd323514b0ca338b31eb3cc65a3e38d5f965642b2ad6e906",
    "https://esm.sh/react-dom@19.2.6/denonext/cjs/react-dom-server.browser.production.mjs": "403bef35baac98d536f416d8eec3f7cad95b9cbd907af1a1015b3443258874e9",
    "https://esm.sh/react-dom@19.2.6/denonext/react-dom.mjs": "67752d700f30024645f59355b1919fef9f5d32bcf5edb6aea82ee913eeaced49",
    "https://esm.sh/react-dom@19.2.6/denonext/server.mjs": "d99f86dc57152cbeff211391a018a9c6487bc9f64ef9053c7938050dca16fcfe",
    "https://esm.sh/react-dom@19.2.6/server": "8b120b10beed72ed1feec34e613e109eac98e5346b27571d395044b88db41be4",
    "https://esm.sh/react@19.2.6": "5401d97a7f9465c655e82eea820cc0fbdce1ebfe42d37aa9d5d422629ba69b3e",
    "https://esm.sh/react@19.2.6/denonext/jsx-runtime.mjs": "0dc44a265852a9a91a9c942d7e5277079ce19e022299d9bb75f0177926bb1b9e",
    "https://esm.sh/react@19.2.6/denonext/react.mjs": "b1629fb7bc84054bded3ff9ae146d0aebaf2287514d441f13db2fb74a7a1e15d",
    "https://esm.sh/react@19.2.6/jsx-runtime": "dc42fa805f4e84506255bbe0d03446a70d6be53e372cb6f188c877f2d4a683e2",
    "https://esm.sh/selderee@0.11.0/denonext/selderee.mjs": "7cd55f556e21df07f094dc04a9a3b19f56f4b0781c92aebfb5fbda7536fc167d",
    "https://esm.sh/selderee@0.11.0?target=denonext": "30cf39b226588a56ac350c58aa59db26137ad7a6c609f02689718bbfd389a618"
  },
  "workspace": {
    "dependencies": [
      "jsr:@std/assert@^1.0.16",
      "jsr:@std/encoding@^1.0.10",
      "jsr:@supabase/supabase-js@^2.49.4",
      "jsr:@zod/zod@^4.0.17",
      "npm:@modelcontextprotocol/server@2.0.0",
      "npm:@supabase/middleware@0.5.0",
      "npm:@supabase/server@1.6.0"
    ]
  }
}
